# This file is automatically @generated by Cargo.
# It is not intended for manual editing.
version = 3

[[package]]
name = "mod-rand"
version = "0.9.5"
source = "registry+https://github.com/rust-lang/crates.io-index"
checksum = "9e9af1a78086d46ac7855b846c25282555181bdeeac5151390e8c4005350e140"

[[package]]
name = "mod-tempdir"
version = "0.9.2"
dependencies = [
 "mod-rand",
]
