# This file is automatically @generated by Cargo.
# It is not intended for manual editing.
version = 3

[[package]]
name = "mod-rand"
version = "1.0.0"
source = "registry+https://github.com/rust-lang/crates.io-index"
checksum = "4a80b508fa38c5f39796f957b58b2f65227600f3bfb461c8d968e7babddb9a37"

[[package]]
name = "mod-tempdir"
version = "1.0.1"
dependencies = [
 "mod-rand",
]
